
Microsoft Visual Studio Solution File, Format Version 12.00
# Visual Studio Version 17
VisualStudioVersion = 17.13.36105.23 d17.13
MinimumVisualStudioVersion = 10.0.40219.1
Project("{FAE04EC0-301F-11D3-BF4B-00C04F79EFBC}") = "Toolbox", "Toolbox.csproj", "{2DB37955-436B-4031-BA95-8C08D8E6B8BA}"
EndProject
Global
	GlobalSection(SolutionConfigurationPlatforms) = preSolution
		Debug|Any CPU = Debug|Any CPU
		Release|Any CPU = Release|Any CPU
	EndGlobalSection
	GlobalSection(ProjectConfigurationPlatforms) = postSolution
		{2DB37955-436B-4031-BA95-8C08D8E6B8BA}.Debug|Any CPU.ActiveCfg = Debug|Any CPU
		{2DB37955-436B-4031-BA95-8C08D8E6B8BA}.Debug|Any CPU.Build.0 = Debug|Any CPU
		{2DB37955-436B-4031-BA95-8C08D8E6B8BA}.Release|Any CPU.ActiveCfg = Release|Any CPU
		{2DB37955-436B-4031-BA95-8C08D8E6B8BA}.Release|Any CPU.Build.0 = Release|Any CPU
	EndGlobalSection
	GlobalSection(SolutionProperties) = preSolution
		HideSolutionNode = FALSE
	EndGlobalSection
	GlobalSection(ExtensibilityGlobals) = postSolution
		SolutionGuid = {3AAD7381-7314-4630-ABFA-16EFFF2A318F}
	EndGlobalSection
EndGlobal
